# This file was autogenerated by Stack.
# You should not edit this file by hand.
# For more information, please see the documentation at:
#   https://docs.haskellstack.org/en/stable/lock_files

packages:
- completed:
    hackage: hasql-cursor-query-0.4.4.3@sha256:58991c862afdfbb794fa29c82b1eb54d7635e79d722c9c279bccb47c70236ecd,3218
    pantry-tree:
      size: 1244
      sha256: cf2870963223632cbf187960589fab428b5777fee23d1dc659f20ba19c61cdac
  original:
    hackage: hasql-cursor-query-0.4.4.3@sha256:58991c862afdfbb794fa29c82b1eb54d7635e79d722c9c279bccb47c70236ecd,3218
- completed:
    hackage: hasql-implicits-0.1.0.2@sha256:5d54e09cb779a209681b139fb3cc726bae75134557932156340cc0a56dd834a8,1361
    pantry-tree:
      size: 310
      sha256: 2f00d1467d0e226b966c2cd7bac433c8948e2f7bbdf8a44936029f66fc20b5f3
  original:
    hackage: hasql-implicits-0.1.0.2@sha256:5d54e09cb779a209681b139fb3cc726bae75134557932156340cc0a56dd834a8,1361
- completed:
    hackage: hasql-cursor-transaction-0.6.4@sha256:0f74f98751c1ce2cce0b0e1859fde2045b40b1244ac8ab0603535312dd426bd7,1908
    pantry-tree:
      size: 881
      sha256: a7b0add7cf5d7ef9ce48b2886b7df91eb3378844e4e99e9c7413a3446880e22c
  original:
    hackage: hasql-cursor-transaction-0.6.4@sha256:0f74f98751c1ce2cce0b0e1859fde2045b40b1244ac8ab0603535312dd426bd7,1908
- completed:
    hackage: hasql-transaction-0.7.2@sha256:d6d8ceb0b32be75686fe31c4b5bc15c569a71023fc60394893508ea733e8714b,2835
    pantry-tree:
      size: 1028
      sha256: 9bd8c7bf3e30d033192ff53c97e5f1f5e9c08ebfe9a1b3364ab0f9e8f2c2872e
  original:
    hackage: hasql-transaction-0.7.2@sha256:d6d8ceb0b32be75686fe31c4b5bc15c569a71023fc60394893508ea733e8714b,2835
snapshots:
- completed:
    size: 533252
    url: https://raw.githubusercontent.com/commercialhaskell/stackage-snapshots/master/lts/16/26.yaml
    sha256: cdbc5db9c1afe80a5998247939027a0c7db92fa0f20b5cd01596ec3da628b622
  original: lts-16.26
